{"1.1.0",
[{<<"base16">>,{pkg,<<"base16">>,<<"1.0.0">>},1},
 {<<"bear">>,{pkg,<<"bear">>,<<"0.8.7">>},2},
 {<<"cluster_info">>,
  {git,"git://github.com/basho/cluster_info",
       {ref,"389d43af7ac1550b3c01cd55b8147bcc0e20022f"}},
  0},
 {<<"eini">>,{pkg,<<"eini">>,<<"1.2.7">>},1},
 {<<"erlcloud">>,
  {git,"git://github.com/erlcloud/erlcloud.git",
       {ref,"f807268ff2e4b4efd1d2fb1925a6e1418e2ad954"}},
  0},
 {<<"exometer_core">>,
  {git,"git://github.com/Feuerlabs/exometer_core",
       {ref,"547f28bc93c7cb3d3f1174fb4c510667a4ebb645"}},
  0},
 {<<"folsom">>,{pkg,<<"folsom">>,<<"0.8.7">>},1},
 {<<"getopt">>,
  {git,"git://github.com/jcomellas/getopt.git",
       {ref,"1c963cecd75cb5f7b37f28737abb120e61390c62"}},
  0},
 {<<"hut">>,{pkg,<<"hut">>,<<"1.2.1">>},1},
 {<<"jsx">>,{pkg,<<"jsx">>,<<"2.11.0">>},1},
 {<<"lhttpc">>,{pkg,<<"lhttpc">>,<<"1.6.2">>},1},
 {<<"meck">>,
  {git,"https://github.com/basho/meck.git",
       {ref,"dde759050eff19a1a80fd854d7375174b191665d"}},
  2},
 {<<"mochiweb">>,{pkg,<<"mochiweb">>,<<"2.18.0">>},1},
 {<<"parse_trans">>,{pkg,<<"parse_trans">>,<<"3.3.0">>},0},
 {<<"poolboy">>,
  {git,"git://github.com/basho/poolboy",
       {ref,"032ea3186fda78b4913deb8932af318ebb9b1258"}},
  0},
 {<<"protobuffs">>,
  {git,"https://github.com/basho/erlang_protobuffs.git",
       {ref,"43c549e6ccd4524245190a906bb4344039bd2995"}},
  1},
 {<<"quickrand">>,
  {git,"https://github.com/okeuday/quickrand.git",
       {ref,"c80077162f32c10002219f70e0afadb71e05f88c"}},
  1},
 {<<"riak_cs_multibag">>,
  {git,"git://github.com/hmmr/riak_cs_multibag.git",
       {ref,"230127a0acc537094225ba802e880275e2455480"}},
  0},
 {<<"riak_pb">>,
  {git,"https://github.com/basho/riak_pb",
       {ref,"b8a946426e0254abba2015f9b5c1a9db4e2405bc"}},
  1},
 {<<"riak_repl_pb_api">>,
  {git,"git://github.com/hmmr/riak_repl_pb_api.git",
       {ref,"0b9eed638aef7e84a0ac8f895d670b9201522bf6"}},
  0},
 {<<"riakc">>,
  {git,"git://github.com/basho/riak-erlang-client",
       {ref,"ea4fcd062f55a67e31c7294a1b8b8ccd957526c8"}},
  0},
 {<<"setup">>,{pkg,<<"setup">>,<<"2.0.2">>},1},
 {<<"uuid">>,
  {git,"git://github.com/okeuday/uuid.git",
       {ref,"9312cc158a94c76e40c82ca45fd5056fb191c889"}},
  0},
 {<<"webmachine">>,
  {git,"git://github.com/webmachine/webmachine.git",
       {ref,"92225b82fc702f78cf9d23248023ec841272df80"}},
  0},
 {<<"xmerl">>,
  {git,"git://github.com/hmmr/xmerl",
       {ref,"dd32f193abc611f0dcb91248f7f4265220531c24"}},
  0}]}.
[
{pkg_hash,[
 {<<"base16">>, <<"283644E2B21BD5915ACB7178BED7851FB07C6E5749B8FAD68A53C501092176D9">>},
 {<<"bear">>, <<"16264309AE5D005D03718A5C82641FCC259C9E8F09ADEB6FD79CA4271168656F">>},
 {<<"eini">>, <<"EFC9D836E88591A47550BD34CE964E21CA1369F8716B24F73CFEA513FA99F666">>},
 {<<"folsom">>, <<"A885F0AEEE4C84270954C88A55A5A473D6B2C7493E32FFDC5765412DD555A951">>},
 {<<"hut">>, <<"08D46679523043424870723923971889E8A34D63B2F946A35B46CF921D1236E7">>},
 {<<"jsx">>, <<"08154624050333919B4AC1B789667D5F4DB166DC50E190C4D778D1587F102EE0">>},
 {<<"lhttpc">>, <<"044F16F0018C7AA7E945E9E9406C7F6035E0B8BC08BF77B00C78CE260E1071E3">>},
 {<<"mochiweb">>, <<"EB55F1DB3E6E960FAC4E6DB4E2DB9EC3602CC9F30B86CD1481D56545C3145D2E">>},
 {<<"parse_trans">>, <<"09765507A3C7590A784615CFD421D101AEC25098D50B89D7AA1D66646BC571C1">>},
 {<<"setup">>, <<"1203F4CDA11306C2E34434244576DED0A7BBFB0908D9A572356C809BD0CDF085">>}]}
].
