{"1.2.0",
[{<<"bear">>,{pkg,<<"bear">>,<<"1.0.0">>},2},
 {<<"cluster_info">>,
  {git,"https://github.com/basho/cluster_info",
       {ref,"389d43af7ac1550b3c01cd55b8147bcc0e20022f"}},
  0},
 {<<"cowboy">>,{pkg,<<"cowboy">>,<<"2.10.0">>},1},
 {<<"cowlib">>,{pkg,<<"cowlib">>,<<"2.12.1">>},2},
 {<<"esaml">>,{pkg,<<"esaml">>,<<"4.5.0">>},0},
 {<<"exometer_core">>,{pkg,<<"exometer_core">>,<<"1.6.2">>},0},
 {<<"folsom">>,{pkg,<<"folsom">>,<<"1.0.0">>},1},
 {<<"getopt">>,{pkg,<<"getopt">>,<<"1.0.2">>},0},
 {<<"hut">>,{pkg,<<"hut">>,<<"1.3.0">>},1},
 {<<"jason">>,{pkg,<<"jason_erl">>,<<"1.2.2">>},0},
 {<<"jsx">>,{pkg,<<"jsx">>,<<"3.1.0">>},0},
 {<<"mochiweb">>,{pkg,<<"mochiweb">>,<<"3.1.2">>},0},
 {<<"parse_trans">>,{pkg,<<"parse_trans">>,<<"3.4.1">>},0},
 {<<"poolboy">>,{pkg,<<"poolboy">>,<<"1.5.2">>},0},
 {<<"quickrand">>,{pkg,<<"quickrand">>,<<"2.0.6">>},1},
 {<<"ranch">>,{pkg,<<"ranch">>,<<"1.8.0">>},2},
 {<<"riak_pb">>,
  {git,"https://github.com/TI-Tokyo/riak_pb.git",
       {ref,"a838173209f89b465de8a0f9248146da0ff0866c"}},
  1},
 {<<"riak_repl_pb_api">>,
  {git,"https://github.com/TI-Tokyo/riak_repl_pb_api.git",
       {ref,"3046e29d6e31246c8de9ebed2ee2790d19e0691a"}},
  0},
 {<<"riakc">>,
  {git,"https://github.com/TI-Tokyo/riak-erlang-client",
       {ref,"83c0ffda78a3c02ab7cc019e6d025492584c4acd"}},
  0},
 {<<"setup">>,{pkg,<<"setup">>,<<"2.1.0">>},1},
 {<<"uuid">>,{pkg,<<"uuid_erl">>,<<"2.0.6">>},0},
 {<<"webmachine">>,
  {git,"https://github.com/TI-Tokyo/webmachine.git",
       {ref,"f173a243293054715e02c43f406cf2e8715f9655"}},
  0}]}.
[
{pkg_hash,[
 {<<"bear">>, <<"430419C1126B477686CDE843E88BA0F2C7DC5CDF0881C677500074F704339A99">>},
 {<<"cowboy">>, <<"FF9FFEFF91DAE4AE270DD975642997AFE2A1179D94B1887863E43F681A203E26">>},
 {<<"cowlib">>, <<"A9FA9A625F1D2025FE6B462CB865881329B5CAFF8F1854D1CBC9F9533F00E1E1">>},
 {<<"esaml">>, <<"4C79A47511B212DEAB235816B10F89CF884A7DA662EF50956176BFF8BCA1F8E8">>},
 {<<"exometer_core">>, <<"E480FBD9CF3BECFCA15805BDD42C39CD855CF701C2F0204BAD9C096C74FDCAA8">>},
 {<<"folsom">>, <<"50ECC998D2149939F1D5E0AA3E32788F8ED16A58E390D81B5C0BE4CC4EF25589">>},
 {<<"getopt">>, <<"33D9B44289FE7AD08627DDFE1D798E30B2DA0033B51DA1B3A2D64E72CD581D02">>},
 {<<"hut">>, <<"71F2F054E657C03F959CF1ACC43F436EA87580696528CA2A55C8AFB1B06C85E7">>},
 {<<"jason">>, <<"AD3CE50A3F14D9E1717FB1F69CF35363A66DF59FF7A6BC5A3BCCB3343601C216">>},
 {<<"jsx">>, <<"D12516BAA0BB23A59BB35DCCAF02A1BD08243FCBB9EFE24F2D9D056CCFF71268">>},
 {<<"mochiweb">>, <<"D872D470DBBA367171A38C41592B19DE370854E74C8621BF0C6FE39B17CDD1CF">>},
 {<<"parse_trans">>, <<"6E6AA8167CB44CC8F39441D05193BE6E6F4E7C2946CB2759F015F8C56B76E5FF">>},
 {<<"poolboy">>, <<"392B007A1693A64540CEAD79830443ABF5762F5D30CF50BC95CB2C1AAAFA006B">>},
 {<<"quickrand">>, <<"37E49398D614534F2861633F8E1155828676DF31ED90872616E4A526E6B9CF38">>},
 {<<"ranch">>, <<"8C7A100A139FD57F17327B6413E4167AC559FBC04CA7448E9BE9057311597A1D">>},
 {<<"setup">>, <<"05F69185A5EB71474C9BC6BA892565651EC7507791F85632B7B914DBFE130510">>},
 {<<"uuid">>, <<"8767AAE0D93A0EFD062B5B30BB21188E121721C683200E164445065C08C2100A">>}]},
{pkg_hash_ext,[
 {<<"bear">>, <<"157B67901ADF84FF0DA6EAE035CA1292A0AC18AA55148154D8C582B2C68959DB">>},
 {<<"cowboy">>, <<"3AFDCCB7183CC6F143CB14D3CF51FA00E53DB9EC80CDCD525482F5E99BC41D6B">>},
 {<<"cowlib">>, <<"163B73F6367A7341B33C794C4E88E7DBFE6498AC42DCD69EF44C5BC5507C8DB0">>},
 {<<"esaml">>, <<"4697E5CDD70C9EA0FD7FF8FF1C4049566BFA9202588B56924B181C3B2976D67D">>},
 {<<"exometer_core">>, <<"287F9ADA56961933D8DF913CC140BB0BDCFF2545E33AB94D04B668E09626E297">>},
 {<<"folsom">>, <<"DD6AB97278E94F9E4CFC43E188224A7B8C7EAEC0DD2E935007005177F3EEBB0E">>},
 {<<"getopt">>, <<"A0029AEA4322FB82A61F6876A6D9C66DC9878B6CB61FAA13DF3187384FD4EA26">>},
 {<<"hut">>, <<"7E15D28555D8A1F2B5A3A931EC120AF0753E4853A4C66053DB354F35BF9AB563">>},
 {<<"jason">>, <<"3851B6150D231F203852822B77D0F60A069F89ADD1260E3033755345E0B604D4">>},
 {<<"jsx">>, <<"0C5CC8FDC11B53CC25CF65AC6705AD39E54ECC56D1C22E4ADB8F5A53FB9427F3">>},
 {<<"mochiweb">>, <<"A8609035711F9264E8ABE54312D1B1645374B9E08986AE06E979BB0AC8B99F9F">>},
 {<<"parse_trans">>, <<"620A406CE75DADA827B82E453C19CF06776BE266F5A67CFF34E1EF2CBB60E49A">>},
 {<<"poolboy">>, <<"DAD79704CE5440F3D5A3681C8590B9DC25D1A561E8F5A9C995281012860901E3">>},
 {<<"quickrand">>, <<"86A03C7FC96B9C6B9FA6BEF5FCEB773E359C772EE3814BE60B8EB44B54F99140">>},
 {<<"ranch">>, <<"49FBCFD3682FAB1F5D109351B61257676DA1A2FDBE295904176D5E521A2DDFE5">>},
 {<<"setup">>, <<"EFD072578F0CF85BEA96CAAFFC7ADB0992398272522660A136E10567377071C5">>},
 {<<"uuid">>, <<"1D54D5DE4CC66317D882F62347A21655601E84CCCE913E80AADE202CDB3A8C65">>}]}
].
